// !$*UTF8*$!
{
	archiveVersion = 1;
	classes = {
	};
	objectVersion = 48;
	objects = {

/* Begin PBXBuildFile section */
		CB08B52C2378A62C00D4FE34 /* Backend.swift in Sources */ = {isa = PBXBuildFile; fileRef = CB08B5272378A62A00D4FE34 /* Backend.swift */; };
		CB08B52D2378A62C00D4FE34 /* viewEvent.swift in Sources */ = {isa = PBXBuildFile; fileRef = CB08B5282378A62B00D4FE34 /* viewEvent.swift */; };
		CB08B52E2378A62C00D4FE34 /* detail.swift in Sources */ = {isa = PBXBuildFile; fileRef = CB08B5292378A62B00D4FE34 /* detail.swift */; };
		CB08B52F2378A62C00D4FE34 /* viewuser.swift in Sources */ = {isa = PBXBuildFile; fileRef = CB08B52A2378A62B00D4FE34 /* viewuser.swift */; };
		CB08B5302378A62C00D4FE34 /* indetail.swift in Sources */ = {isa = PBXBuildFile; fileRef = CB08B52B2378A62B00D4FE34 /* indetail.swift */; };
		CB10A9B82370BB340089C533 /* viewEvent.swift in Sources */ = {isa = PBXBuildFile; fileRef = CB10A9B72370BB340089C533 /* viewEvent.swift */; };
		CB10A9BD2370D1EE0089C533 /* Football.jpeg in Resources */ = {isa = PBXBuildFile; fileRef = CB10A9B92370D1ED0089C533 /* Football.jpeg */; };
		CB10A9BE2370D1EE0089C533 /* Dancing.jpeg in Resources */ = {isa = PBXBuildFile; fileRef = CB10A9BA2370D1ED0089C533 /* Dancing.jpeg */; };
		CB10A9BF2370D1EE0089C533 /* football.jpg in Resources */ = {isa = PBXBuildFile; fileRef = CB10A9BB2370D1EE0089C533 /* football.jpg */; };
		CB10A9C02370D1EE0089C533 /* Running.jpeg in Resources */ = {isa = PBXBuildFile; fileRef = CB10A9BC2370D1EE0089C533 /* Running.jpeg */; };
		CB10A9C42370E2FE0089C533 /* Eventdetail.swift in Sources */ = {isa = PBXBuildFile; fileRef = CB10A9C32370E2FE0089C533 /* Eventdetail.swift */; };
		CB10A9C62370ECCF0089C533 /* Add event.swift in Sources */ = {isa = PBXBuildFile; fileRef = CB10A9C52370ECCF0089C533 /* Add event.swift */; };
		CB10A9C82370ECFB0089C533 /* updateevent.swift in Sources */ = {isa = PBXBuildFile; fileRef = CB10A9C72370ECFB0089C533 /* updateevent.swift */; };
		CB10A9CA2370ED340089C533 /* Adduser.swift in Sources */ = {isa = PBXBuildFile; fileRef = CB10A9C92370ED340089C533 /* Adduser.swift */; };
		CB10A9CC2370ED450089C533 /* updateuser.swift in Sources */ = {isa = PBXBuildFile; fileRef = CB10A9CB2370ED450089C533 /* updateuser.swift */; };
		CB10A9CF2370EDC90089C533 /* Eating.jpeg in Resources */ = {isa = PBXBuildFile; fileRef = CB10A9CD2370EDC90089C533 /* Eating.jpeg */; };
		CB10A9D02370EDC90089C533 /* Hiking.jpeg in Resources */ = {isa = PBXBuildFile; fileRef = CB10A9CE2370EDC90089C533 /* Hiking.jpeg */; };
		CB2B4664236FABBC00C624FE /* Backend.swift in Sources */ = {isa = PBXBuildFile; fileRef = CB2B4663236FABBC00C624FE /* Backend.swift */; };
		CB94B74A2373854500C4E8D1 /* viewuser.swift in Sources */ = {isa = PBXBuildFile; fileRef = CB94B7492373854500C4E8D1 /* viewuser.swift */; };
		CB94B750237395F600C4E8D1 /* Merry.jpeg in Resources */ = {isa = PBXBuildFile; fileRef = CB94B74D237395F400C4E8D1 /* Merry.jpeg */; };
		CB94B751237395F600C4E8D1 /* Cassie.jpeg in Resources */ = {isa = PBXBuildFile; fileRef = CB94B74E237395F500C4E8D1 /* Cassie.jpeg */; };
		CB94B752237395F600C4E8D1 /* Mark.jpeg in Resources */ = {isa = PBXBuildFile; fileRef = CB94B74F237395F600C4E8D1 /* Mark.jpeg */; };
		CB94B7542373B83400C4E8D1 /* detail.swift in Sources */ = {isa = PBXBuildFile; fileRef = CB94B7532373B83400C4E8D1 /* detail.swift */; };
		CB94B756237500A300C4E8D1 /* indetail.swift in Sources */ = {isa = PBXBuildFile; fileRef = CB94B755237500A300C4E8D1 /* indetail.swift */; };
		CB99E2C9236F6B1B0040A60D /* AppDelegate.swift in Sources */ = {isa = PBXBuildFile; fileRef = CB99E2C8236F6B1B0040A60D /* AppDelegate.swift */; };
		CB99E2CB236F6B1B0040A60D /* FirstViewController.swift in Sources */ = {isa = PBXBuildFile; fileRef = CB99E2CA236F6B1B0040A60D /* FirstViewController.swift */; };
		CB99E2CD236F6B1B0040A60D /* SecondViewController.swift in Sources */ = {isa = PBXBuildFile; fileRef = CB99E2CC236F6B1B0040A60D /* SecondViewController.swift */; };
		CB99E2D0236F6B1B0040A60D /* Main.storyboard in Resources */ = {isa = PBXBuildFile; fileRef = CB99E2CE236F6B1B0040A60D /* Main.storyboard */; };
		CB99E2D2236F6B1B0040A60D /* Assets.xcassets in Resources */ = {isa = PBXBuildFile; fileRef = CB99E2D1236F6B1B0040A60D /* Assets.xcassets */; };
		CB99E2D5236F6B1B0040A60D /* LaunchScreen.storyboard in Resources */ = {isa = PBXBuildFile; fileRef = CB99E2D3236F6B1B0040A60D /* LaunchScreen.storyboard */; };
/* End PBXBuildFile section */

/* Begin PBXFileReference section */
		CB08B5272378A62A00D4FE34 /* Backend.swift */ = {isa = PBXFileReference; fileEncoding = 4; lastKnownFileType = sourcecode.swift; name = Backend.swift; path = "../../Assignment_7 2/Assignment_7/Backend.swift"; sourceTree = "<group>"; };
		CB08B5282378A62B00D4FE34 /* viewEvent.swift */ = {isa = PBXFileReference; fileEncoding = 4; lastKnownFileType = sourcecode.swift; name = viewEvent.swift; path = "../../Assignment_7 2/Assignment_7/viewEvent.swift"; sourceTree = "<group>"; };
		CB08B5292378A62B00D4FE34 /* detail.swift */ = {isa = PBXFileReference; fileEncoding = 4; lastKnownFileType = sourcecode.swift; name = detail.swift; path = "../../Assignment_7 2/Assignment_7/detail.swift"; sourceTree = "<group>"; };
		CB08B52A2378A62B00D4FE34 /* viewuser.swift */ = {isa = PBXFileReference; fileEncoding = 4; lastKnownFileType = sourcecode.swift; name = viewuser.swift; path = "../../Assignment_7 2/Assignment_7/viewuser.swift"; sourceTree = "<group>"; };
		CB08B52B2378A62B00D4FE34 /* indetail.swift */ = {isa = PBXFileReference; fileEncoding = 4; lastKnownFileType = sourcecode.swift; name = indetail.swift; path = "../../Assignment_7 2/Assignment_7/indetail.swift"; sourceTree = "<group>"; };
		CB10A9B72370BB340089C533 /* viewEvent.swift */ = {isa = PBXFileReference; lastKnownFileType = sourcecode.swift; path = viewEvent.swift; sourceTree = "<group>"; };
		CB10A9B92370D1ED0089C533 /* Football.jpeg */ = {isa = PBXFileReference; lastKnownFileType = image.jpeg; path = Football.jpeg; sourceTree = "<group>"; };
		CB10A9BA2370D1ED0089C533 /* Dancing.jpeg */ = {isa = PBXFileReference; lastKnownFileType = image.jpeg; path = Dancing.jpeg; sourceTree = "<group>"; };
		CB10A9BB2370D1EE0089C533 /* football.jpg */ = {isa = PBXFileReference; lastKnownFileType = image.jpeg; path = football.jpg; sourceTree = "<group>"; };
		CB10A9BC2370D1EE0089C533 /* Running.jpeg */ = {isa = PBXFileReference; lastKnownFileType = image.jpeg; path = Running.jpeg; sourceTree = "<group>"; };
		CB10A9C32370E2FE0089C533 /* Eventdetail.swift */ = {isa = PBXFileReference; lastKnownFileType = sourcecode.swift; path = Eventdetail.swift; sourceTree = "<group>"; };
		CB10A9C52370ECCF0089C533 /* Add event.swift */ = {isa = PBXFileReference; lastKnownFileType = sourcecode.swift; path = "Add event.swift"; sourceTree = "<group>"; };
		CB10A9C72370ECFB0089C533 /* updateevent.swift */ = {isa = PBXFileReference; lastKnownFileType = sourcecode.swift; path = updateevent.swift; sourceTree = "<group>"; };
		CB10A9C92370ED340089C533 /* Adduser.swift */ = {isa = PBXFileReference; lastKnownFileType = sourcecode.swift; path = Adduser.swift; sourceTree = "<group>"; };
		CB10A9CB2370ED450089C533 /* updateuser.swift */ = {isa = PBXFileReference; lastKnownFileType = sourcecode.swift; path = updateuser.swift; sourceTree = "<group>"; };
		CB10A9CD2370EDC90089C533 /* Eating.jpeg */ = {isa = PBXFileReference; lastKnownFileType = image.jpeg; path = Eating.jpeg; sourceTree = "<group>"; };
		CB10A9CE2370EDC90089C533 /* Hiking.jpeg */ = {isa = PBXFileReference; lastKnownFileType = image.jpeg; path = Hiking.jpeg; sourceTree = "<group>"; };
		CB2B4663236FABBC00C624FE /* Backend.swift */ = {isa = PBXFileReference; lastKnownFileType = sourcecode.swift; path = Backend.swift; sourceTree = "<group>"; };
		CB94B7492373854500C4E8D1 /* viewuser.swift */ = {isa = PBXFileReference; lastKnownFileType = sourcecode.swift; path = viewuser.swift; sourceTree = "<group>"; };
		CB94B74D237395F400C4E8D1 /* Merry.jpeg */ = {isa = PBXFileReference; lastKnownFileType = image.jpeg; path = Merry.jpeg; sourceTree = "<group>"; };
		CB94B74E237395F500C4E8D1 /* Cassie.jpeg */ = {isa = PBXFileReference; lastKnownFileType = image.jpeg; path = Cassie.jpeg; sourceTree = "<group>"; };
		CB94B74F237395F600C4E8D1 /* Mark.jpeg */ = {isa = PBXFileReference; lastKnownFileType = image.jpeg; path = Mark.jpeg; sourceTree = "<group>"; };
		CB94B7532373B83400C4E8D1 /* detail.swift */ = {isa = PBXFileReference; lastKnownFileType = sourcecode.swift; path = detail.swift; sourceTree = "<group>"; };
		CB94B755237500A300C4E8D1 /* indetail.swift */ = {isa = PBXFileReference; lastKnownFileType = sourcecode.swift; path = indetail.swift; sourceTree = "<group>"; };
		CB99E2C5236F6B1B0040A60D /* Assignment_7.app */ = {isa = PBXFileReference; explicitFileType = wrapper.application; includeInIndex = 0; path = Assignment_7.app; sourceTree = BUILT_PRODUCTS_DIR; };
		CB99E2C8236F6B1B0040A60D /* AppDelegate.swift */ = {isa = PBXFileReference; lastKnownFileType = sourcecode.swift; path = AppDelegate.swift; sourceTree = "<group>"; };
		CB99E2CA236F6B1B0040A60D /* FirstViewController.swift */ = {isa = PBXFileReference; lastKnownFileType = sourcecode.swift; path = FirstViewController.swift; sourceTree = "<group>"; };
		CB99E2CC236F6B1B0040A60D /* SecondViewController.swift */ = {isa = PBXFileReference; lastKnownFileType = sourcecode.swift; path = SecondViewController.swift; sourceTree = "<group>"; };
		CB99E2CF236F6B1B0040A60D /* Base */ = {isa = PBXFileReference; lastKnownFileType = file.storyboard; name = Base; path = Base.lproj/Main.storyboard; sourceTree = "<group>"; };
		CB99E2D1236F6B1B0040A60D /* Assets.xcassets */ = {isa = PBXFileReference; lastKnownFileType = folder.assetcatalog; path = Assets.xcassets; sourceTree = "<group>"; };
		CB99E2D4236F6B1B0040A60D /* Base */ = {isa = PBXFileReference; lastKnownFileType = file.storyboard; name = Base; path = Base.lproj/LaunchScreen.storyboard; sourceTree = "<group>"; };
		CB99E2D6236F6B1B0040A60D /* Info.plist */ = {isa = PBXFileReference; lastKnownFileType = text.plist.xml; path = Info.plist; sourceTree = "<group>"; };
/* End PBXFileReference section */

/* Begin PBXFrameworksBuildPhase section */
		CB99E2C2236F6B1B0040A60D /* Frameworks */ = {
			isa = PBXFrameworksBuildPhase;
			buildActionMask = 2147483647;
			files = (
			);
			runOnlyForDeploymentPostprocessing = 0;
		};
/* End PBXFrameworksBuildPhase section */

/* Begin PBXGroup section */
		CB99E2BC236F6B1B0040A60D = {
			isa = PBXGroup;
			children = (
				CB99E2C7236F6B1B0040A60D /* Assignment_7 */,
				CB99E2C6236F6B1B0040A60D /* Products */,
			);
			sourceTree = "<group>";
		};
		CB99E2C6236F6B1B0040A60D /* Products */ = {
			isa = PBXGroup;
			children = (
				CB99E2C5236F6B1B0040A60D /* Assignment_7.app */,
			);
			name = Products;
			sourceTree = "<group>";
		};
		CB99E2C7236F6B1B0040A60D /* Assignment_7 */ = {
			isa = PBXGroup;
			children = (
				CB94B755237500A300C4E8D1 /* indetail.swift */,
				CB08B5272378A62A00D4FE34 /* Backend.swift */,
				CB08B5292378A62B00D4FE34 /* detail.swift */,
				CB08B52B2378A62B00D4FE34 /* indetail.swift */,
				CB08B5282378A62B00D4FE34 /* viewEvent.swift */,
				CB08B52A2378A62B00D4FE34 /* viewuser.swift */,
				CB94B74E237395F500C4E8D1 /* Cassie.jpeg */,
				CB94B74F237395F600C4E8D1 /* Mark.jpeg */,
				CB94B74D237395F400C4E8D1 /* Merry.jpeg */,
				CB10A9CD2370EDC90089C533 /* Eating.jpeg */,
				CB10A9CE2370EDC90089C533 /* Hiking.jpeg */,
				CB10A9BA2370D1ED0089C533 /* Dancing.jpeg */,
				CB10A9B92370D1ED0089C533 /* Football.jpeg */,
				CB10A9BB2370D1EE0089C533 /* football.jpg */,
				CB10A9BC2370D1EE0089C533 /* Running.jpeg */,
				CB10A9B72370BB340089C533 /* viewEvent.swift */,
				CB99E2C8236F6B1B0040A60D /* AppDelegate.swift */,
				CB99E2CA236F6B1B0040A60D /* FirstViewController.swift */,
				CB99E2CC236F6B1B0040A60D /* SecondViewController.swift */,
				CB99E2CE236F6B1B0040A60D /* Main.storyboard */,
				CB94B7532373B83400C4E8D1 /* detail.swift */,
				CB94B7492373854500C4E8D1 /* viewuser.swift */,
				CB99E2D1236F6B1B0040A60D /* Assets.xcassets */,
				CB99E2D3236F6B1B0040A60D /* LaunchScreen.storyboard */,
				CB99E2D6236F6B1B0040A60D /* Info.plist */,
				CB2B4663236FABBC00C624FE /* Backend.swift */,
				CB10A9C32370E2FE0089C533 /* Eventdetail.swift */,
				CB10A9C52370ECCF0089C533 /* Add event.swift */,
				CB10A9C72370ECFB0089C533 /* updateevent.swift */,
				CB10A9C92370ED340089C533 /* Adduser.swift */,
				CB10A9CB2370ED450089C533 /* updateuser.swift */,
			);
			path = Assignment_7;
			sourceTree = "<group>";
		};
/* End PBXGroup section */

/* Begin PBXNativeTarget section */
		CB99E2C4236F6B1B0040A60D /* Assignment_7 */ = {
			isa = PBXNativeTarget;
			buildConfigurationList = CB99E2D9236F6B1B0040A60D /* Build configuration list for PBXNativeTarget "Assignment_7" */;
			buildPhases = (
				CB99E2C1236F6B1B0040A60D /* Sources */,
				CB99E2C2236F6B1B0040A60D /* Frameworks */,
				CB99E2C3236F6B1B0040A60D /* Resources */,
			);
			buildRules = (
			);
			dependencies = (
			);
			name = Assignment_7;
			productName = Assignment_7;
			productReference = CB99E2C5236F6B1B0040A60D /* Assignment_7.app */;
			productType = "com.apple.product-type.application";
		};
/* End PBXNativeTarget section */

/* Begin PBXProject section */
		CB99E2BD236F6B1B0040A60D /* Project object */ = {
			isa = PBXProject;
			attributes = {
				LastSwiftUpdateCheck = 0920;
				LastUpgradeCheck = 0920;
				ORGANIZATIONNAME = "Qian Cai";
				TargetAttributes = {
					CB99E2C4236F6B1B0040A60D = {
						CreatedOnToolsVersion = 9.2;
						ProvisioningStyle = Automatic;
					};
				};
			};
			buildConfigurationList = CB99E2C0236F6B1B0040A60D /* Build configuration list for PBXProject "Assignment_7" */;
			compatibilityVersion = "Xcode 8.0";
			developmentRegion = en;
			hasScannedForEncodings = 0;
			knownRegions = (
				en,
				Base,
			);
			mainGroup = CB99E2BC236F6B1B0040A60D;
			productRefGroup = CB99E2C6236F6B1B0040A60D /* Products */;
			projectDirPath = "";
			projectRoot = "";
			targets = (
				CB99E2C4236F6B1B0040A60D /* Assignment_7 */,
			);
		};
/* End PBXProject section */

/* Begin PBXResourcesBuildPhase section */
		CB99E2C3236F6B1B0040A60D /* Resources */ = {
			isa = PBXResourcesBuildPhase;
			buildActionMask = 2147483647;
			files = (
				CB10A9BD2370D1EE0089C533 /* Football.jpeg in Resources */,
				CB10A9C02370D1EE0089C533 /* Running.jpeg in Resources */,
				CB10A9D02370EDC90089C533 /* Hiking.jpeg in Resources */,
				CB99E2D5236F6B1B0040A60D /* LaunchScreen.storyboard in Resources */,
				CB94B752237395F600C4E8D1 /* Mark.jpeg in Resources */,
				CB10A9BF2370D1EE0089C533 /* football.jpg in Resources */,
				CB10A9BE2370D1EE0089C533 /* Dancing.jpeg in Resources */,
				CB94B751237395F600C4E8D1 /* Cassie.jpeg in Resources */,
				CB99E2D2236F6B1B0040A60D /* Assets.xcassets in Resources */,
				CB99E2D0236F6B1B0040A60D /* Main.storyboard in Resources */,
				CB10A9CF2370EDC90089C533 /* Eating.jpeg in Resources */,
				CB94B750237395F600C4E8D1 /* Merry.jpeg in Resources */,
			);
			runOnlyForDeploymentPostprocessing = 0;
		};
/* End PBXResourcesBuildPhase section */

/* Begin PBXSourcesBuildPhase section */
		CB99E2C1236F6B1B0040A60D /* Sources */ = {
			isa = PBXSourcesBuildPhase;
			buildActionMask = 2147483647;
			files = (
				CB10A9CA2370ED340089C533 /* Adduser.swift in Sources */,
				CB94B756237500A300C4E8D1 /* indetail.swift in Sources */,
				CB99E2CD236F6B1B0040A60D /* SecondViewController.swift in Sources */,
				CB10A9C82370ECFB0089C533 /* updateevent.swift in Sources */,
				CB10A9C62370ECCF0089C533 /* Add event.swift in Sources */,
				CB10A9B82370BB340089C533 /* viewEvent.swift in Sources */,
				CB99E2C9236F6B1B0040A60D /* AppDelegate.swift in Sources */,
				CB99E2CB236F6B1B0040A60D /* FirstViewController.swift in Sources */,
				CB2B4664236FABBC00C624FE /* Backend.swift in Sources */,
				CB08B52F2378A62C00D4FE34 /* viewuser.swift in Sources */,
				CB94B74A2373854500C4E8D1 /* viewuser.swift in Sources */,
				CB08B52E2378A62C00D4FE34 /* detail.swift in Sources */,
				CB10A9C42370E2FE0089C533 /* Eventdetail.swift in Sources */,
				CB08B52D2378A62C00D4FE34 /* viewEvent.swift in Sources */,
				CB10A9CC2370ED450089C533 /* updateuser.swift in Sources */,
				CB08B52C2378A62C00D4FE34 /* Backend.swift in Sources */,
				CB94B7542373B83400C4E8D1 /* detail.swift in Sources */,
				CB08B5302378A62C00D4FE34 /* indetail.swift in Sources */,
			);
			runOnlyForDeploymentPostprocessing = 0;
		};
/* End PBXSourcesBuildPhase section */

/* Begin PBXVariantGroup section */
		CB99E2CE236F6B1B0040A60D /* Main.storyboard */ = {
			isa = PBXVariantGroup;
			children = (
				CB99E2CF236F6B1B0040A60D /* Base */,
			);
			name = Main.storyboard;
			sourceTree = "<group>";
		};
		CB99E2D3236F6B1B0040A60D /* LaunchScreen.storyboard */ = {
			isa = PBXVariantGroup;
			children = (
				CB99E2D4236F6B1B0040A60D /* Base */,
			);
			name = LaunchScreen.storyboard;
			sourceTree = "<group>";
		};
/* End PBXVariantGroup section */

/* Begin XCBuildConfiguration section */
		CB99E2D7236F6B1B0040A60D /* Debug */ = {
			isa = XCBuildConfiguration;
			buildSettings = {
				ALWAYS_SEARCH_USER_PATHS = NO;
				CLANG_ANALYZER_NONNULL = YES;
				CLANG_ANALYZER_NUMBER_OBJECT_CONVERSION = YES_AGGRESSIVE;
				CLANG_CXX_LANGUAGE_STANDARD = "gnu++14";
				CLANG_CXX_LIBRARY = "libc++";
				CLANG_ENABLE_MODULES = YES;
				CLANG_ENABLE_OBJC_ARC = YES;
				CLANG_WARN_BLOCK_CAPTURE_AUTORELEASING = YES;
				CLANG_WARN_BOOL_CONVERSION = YES;
				CLANG_WARN_COMMA = YES;
				CLANG_WARN_CONSTANT_CONVERSION = YES;
				CLANG_WARN_DIRECT_OBJC_ISA_USAGE = YES_ERROR;
				CLANG_WARN_DOCUMENTATION_COMMENTS = YES;
				CLANG_WARN_EMPTY_BODY = YES;
				CLANG_WARN_ENUM_CONVERSION = YES;
				CLANG_WARN_INFINITE_RECURSION = YES;
				CLANG_WARN_INT_CONVERSION = YES;
				CLANG_WARN_NON_LITERAL_NULL_CONVERSION = YES;
				CLANG_WARN_OBJC_LITERAL_CONVERSION = YES;
				CLANG_WARN_OBJC_ROOT_CLASS = YES_ERROR;
				CLANG_WARN_RANGE_LOOP_ANALYSIS = YES;
				CLANG_WARN_STRICT_PROTOTYPES = YES;
				CLANG_WARN_SUSPICIOUS_MOVE = YES;
				CLANG_WARN_UNGUARDED_AVAILABILITY = YES_AGGRESSIVE;
				CLANG_WARN_UNREACHABLE_CODE = YES;
				CLANG_WARN__DUPLICATE_METHOD_MATCH = YES;
				CODE_SIGN_IDENTITY = "iPhone Developer";
				COPY_PHASE_STRIP = NO;
				DEBUG_INFORMATION_FORMAT = dwarf;
				ENABLE_STRICT_OBJC_MSGSEND = YES;
				ENABLE_TESTABILITY = YES;
				GCC_C_LANGUAGE_STANDARD = gnu11;
				GCC_DYNAMIC_NO_PIC = NO;
				GCC_NO_COMMON_BLOCKS = YES;
				GCC_OPTIMIZATION_LEVEL = 0;
				GCC_PREPROCESSOR_DEFINITIONS = (
					"DEBUG=1",
					"$(inherited)",
				);
				GCC_WARN_64_TO_32_BIT_CONVERSION = YES;
				GCC_WARN_ABOUT_RETURN_TYPE = YES_ERROR;
				GCC_WARN_UNDECLARED_SELECTOR = YES;
				GCC_WARN_UNINITIALIZED_AUTOS = YES_AGGRESSIVE;
				GCC_WARN_UNUSED_FUNCTION = YES;
				GCC_WARN_UNUSED_VARIABLE = YES;
				IPHONEOS_DEPLOYMENT_TARGET = 11.2;
				MTL_ENABLE_DEBUG_INFO = YES;
				ONLY_ACTIVE_ARCH = YES;
				SDKROOT = iphoneos;
				SWIFT_ACTIVE_COMPILATION_CONDITIONS = DEBUG;
				SWIFT_OPTIMIZATION_LEVEL = "-Onone";
			};
			name = Debug;
		};
		CB99E2D8236F6B1B0040A60D /* Release */ = {
			isa = XCBuildConfiguration;
			buildSettings = {
				ALWAYS_SEARCH_USER_PATHS = NO;
				CLANG_ANALYZER_NONNULL = YES;
				CLANG_ANALYZER_NUMBER_OBJECT_CONVERSION = YES_AGGRESSIVE;
				CLANG_CXX_LANGUAGE_STANDARD = "gnu++14";
				CLANG_CXX_LIBRARY = "libc++";
				CLANG_ENABLE_MODULES = YES;
				CLANG_ENABLE_OBJC_ARC = YES;
				CLANG_WARN_BLOCK_CAPTURE_AUTORELEASING = YES;
				CLANG_WARN_BOOL_CONVERSION = YES;
				CLANG_WARN_COMMA = YES;
				CLANG_WARN_CONSTANT_CONVERSION = YES;
				CLANG_WARN_DIRECT_OBJC_ISA_USAGE = YES_ERROR;
				CLANG_WARN_DOCUMENTATION_COMMENTS = YES;
				CLANG_WARN_EMPTY_BODY = YES;
				CLANG_WARN_ENUM_CONVERSION = YES;
				CLANG_WARN_INFINITE_RECURSION = YES;
				CLANG_WARN_INT_CONVERSION = YES;
				CLANG_WARN_NON_LITERAL_NULL_CONVERSION = YES;
				CLANG_WARN_OBJC_LITERAL_CONVERSION = YES;
				CLANG_WARN_OBJC_ROOT_CLASS = YES_ERROR;
				CLANG_WARN_RANGE_LOOP_ANALYSIS = YES;
				CLANG_WARN_STRICT_PROTOTYPES = YES;
				CLANG_WARN_SUSPICIOUS_MOVE = YES;
				CLANG_WARN_UNGUARDED_AVAILABILITY = YES_AGGRESSIVE;
				CLANG_WARN_UNREACHABLE_CODE = YES;
				CLANG_WARN__DUPLICATE_METHOD_MATCH = YES;
				CODE_SIGN_IDENTITY = "iPhone Developer";
				COPY_PHASE_STRIP = NO;
				DEBUG_INFORMATION_FORMAT = "dwarf-with-dsym";
				ENABLE_NS_ASSERTIONS = NO;
				ENABLE_STRICT_OBJC_MSGSEND = YES;
				GCC_C_LANGUAGE_STANDARD = gnu11;
				GCC_NO_COMMON_BLOCKS = YES;
				GCC_WARN_64_TO_32_BIT_CONVERSION = YES;
				GCC_WARN_ABOUT_RETURN_TYPE = YES_ERROR;
				GCC_WARN_UNDECLARED_SELECTOR = YES;
				GCC_WARN_UNINITIALIZED_AUTOS = YES_AGGRESSIVE;
				GCC_WARN_UNUSED_FUNCTION = YES;
				GCC_WARN_UNUSED_VARIABLE = YES;
				IPHONEOS_DEPLOYMENT_TARGET = 11.2;
				MTL_ENABLE_DEBUG_INFO = NO;
				SDKROOT = iphoneos;
				SWIFT_OPTIMIZATION_LEVEL = "-Owholemodule";
				VALIDATE_PRODUCT = YES;
			};
			name = Release;
		};
		CB99E2DA236F6B1B0040A60D /* Debug */ = {
			isa = XCBuildConfiguration;
			buildSettings = {
				ASSETCATALOG_COMPILER_APPICON_NAME = AppIcon;
				CODE_SIGN_STYLE = Automatic;
				INFOPLIST_FILE = Assignment_7/Info.plist;
				LD_RUNPATH_SEARCH_PATHS = "$(inherited) @executable_path/Frameworks";
				PRODUCT_BUNDLE_IDENTIFIER = "INFO-6350.Assignment-7";
				PRODUCT_NAME = "$(TARGET_NAME)";
				SWIFT_VERSION = 4.0;
				TARGETED_DEVICE_FAMILY = "1,2";
			};
			name = Debug;
		};
		CB99E2DB236F6B1B0040A60D /* Release */ = {
			isa = XCBuildConfiguration;
			buildSettings = {
				ASSETCATALOG_COMPILER_APPICON_NAME = AppIcon;
				CODE_SIGN_STYLE = Automatic;
				INFOPLIST_FILE = Assignment_7/Info.plist;
				LD_RUNPATH_SEARCH_PATHS = "$(inherited) @executable_path/Frameworks";
				PRODUCT_BUNDLE_IDENTIFIER = "INFO-6350.Assignment-7";
				PRODUCT_NAME = "$(TARGET_NAME)";
				SWIFT_VERSION = 4.0;
				TARGETED_DEVICE_FAMILY = "1,2";
			};
			name = Release;
		};
/* End XCBuildConfiguration section */

/* Begin XCConfigurationList section */
		CB99E2C0236F6B1B0040A60D /* Build configuration list for PBXProject "Assignment_7" */ = {
			isa = XCConfigurationList;
			buildConfigurations = (
				CB99E2D7236F6B1B0040A60D /* Debug */,
				CB99E2D8236F6B1B0040A60D /* Release */,
			);
			defaultConfigurationIsVisible = 0;
			defaultConfigurationName = Release;
		};
		CB99E2D9236F6B1B0040A60D /* Build configuration list for PBXNativeTarget "Assignment_7" */ = {
			isa = XCConfigurationList;
			buildConfigurations = (
				CB99E2DA236F6B1B0040A60D /* Debug */,
				CB99E2DB236F6B1B0040A60D /* Release */,
			);
			defaultConfigurationIsVisible = 0;
			defaultConfigurationName = Release;
		};
/* End XCConfigurationList section */
	};
	rootObject = CB99E2BD236F6B1B0040A60D /* Project object */;
}
